
Microsoft Visual Studio Solution File, Format Version 12.00
# Visual Studio 15
VisualStudioVersion = 15.0.28010.2050
MinimumVisualStudioVersion = 10.0.40219.1
Project("{FAE04EC0-301F-11D3-BF4B-00C04F79EFBC}") = "FourOperations", "FourOperations.csproj", "{1EA06F71-7A10-420A-B694-99743B91B5CE}"
EndProject
Project("{FAE04EC0-301F-11D3-BF4B-00C04F79EFBC}") = "FourOperationsTest", "..\FourOperationsTest\FourOperationsTest.csproj", "{EB349486-1FFF-4FCB-A464-52BCD7C94E7A}"
EndProject
Global
	GlobalSection(SolutionConfigurationPlatforms) = preSolution
		Debug|Any CPU = Debug|Any CPU
		Release|Any CPU = Release|Any CPU
	EndGlobalSection
	GlobalSection(ProjectConfigurationPlatforms) = postSolution
		{1EA06F71-7A10-420A-B694-99743B91B5CE}.Debug|Any CPU.ActiveCfg = Debug|Any CPU
		{1EA06F71-7A10-420A-B694-99743B91B5CE}.Debug|Any CPU.Build.0 = Debug|Any CPU
		{1EA06F71-7A10-420A-B694-99743B91B5CE}.Release|Any CPU.ActiveCfg = Release|Any CPU
		{1EA06F71-7A10-420A-B694-99743B91B5CE}.Release|Any CPU.Build.0 = Release|Any CPU
		{EB349486-1FFF-4FCB-A464-52BCD7C94E7A}.Debug|Any CPU.ActiveCfg = Debug|Any CPU
		{EB349486-1FFF-4FCB-A464-52BCD7C94E7A}.Debug|Any CPU.Build.0 = Debug|Any CPU
		{EB349486-1FFF-4FCB-A464-52BCD7C94E7A}.Release|Any CPU.ActiveCfg = Release|Any CPU
		{EB349486-1FFF-4FCB-A464-52BCD7C94E7A}.Release|Any CPU.Build.0 = Release|Any CPU
	EndGlobalSection
	GlobalSection(SolutionProperties) = preSolution
		HideSolutionNode = FALSE
	EndGlobalSection
	GlobalSection(ExtensibilityGlobals) = postSolution
		SolutionGuid = {5DA8BEA5-2FAE-4CF4-AAB5-9C8E2FC03B2C}
	EndGlobalSection
EndGlobal
